// !$*UTF8*$!
{
	archiveVersion = 1;
	classes = {
	};
	objectVersion = 56;
	objects = {

/* Begin PBXBuildFile section */
		C719F5AC2B61C3C70041EBE8 /* GoogleSignIn in Frameworks */ = {isa = PBXBuildFile; productRef = C719F5AB2B61C3C70041EBE8 /* GoogleSignIn */; };
		C719F5AE2B61C3C70041EBE8 /* GoogleSignInSwift in Frameworks */ = {isa = PBXBuildFile; productRef = C719F5AD2B61C3C70041EBE8 /* GoogleSignInSwift */; };
		C719F5B12B61C5830041EBE8 /* GoogleService-Info.plist in Resources */ = {isa = PBXBuildFile; fileRef = C719F5B02B61C5830041EBE8 /* GoogleService-Info.plist */; };
		C719F5B42B61D5230041EBE8 /* SignInWithGoogleView.swift in Sources */ = {isa = PBXBuildFile; fileRef = C719F5B32B61D5230041EBE8 /* SignInWithGoogleView.swift */; };
		C719F5B62B61D57B0041EBE8 /* SignInWithGoogleViewModel.swift in Sources */ = {isa = PBXBuildFile; fileRef = C719F5B52B61D57B0041EBE8 /* SignInWithGoogleViewModel.swift */; };
		C719F5B92B61EF2E0041EBE8 /* Utilities.swift in Sources */ = {isa = PBXBuildFile; fileRef = C719F5B82B61EF2E0041EBE8 /* Utilities.swift */; };
		C719F5BC2B673C8B0041EBE8 /* SignInAnonymousViewModel.swift in Sources */ = {isa = PBXBuildFile; fileRef = C719F5BB2B673C8B0041EBE8 /* SignInAnonymousViewModel.swift */; };
		C719F5BE2B6740730041EBE8 /* signInAnonymousView.swift in Sources */ = {isa = PBXBuildFile; fileRef = C719F5BD2B6740730041EBE8 /* signInAnonymousView.swift */; };
		C71B548C2B5E5F1F00399EE6 /* SwiftFirebaseSampleApp.swift in Sources */ = {isa = PBXBuildFile; fileRef = C71B548B2B5E5F1F00399EE6 /* SwiftFirebaseSampleApp.swift */; };
		C71B54902B5E5F2000399EE6 /* Assets.xcassets in Resources */ = {isa = PBXBuildFile; fileRef = C71B548F2B5E5F2000399EE6 /* Assets.xcassets */; };
		C71B54932B5E5F2000399EE6 /* Preview Assets.xcassets in Resources */ = {isa = PBXBuildFile; fileRef = C71B54922B5E5F2000399EE6 /* Preview Assets.xcassets */; };
		C71B549D2B5E65F200399EE6 /* FirebaseAnalytics in Frameworks */ = {isa = PBXBuildFile; productRef = C71B549C2B5E65F200399EE6 /* FirebaseAnalytics */; };
		C71B54A12B5E65F200399EE6 /* FirebaseAnalyticsSwift in Frameworks */ = {isa = PBXBuildFile; productRef = C71B54A02B5E65F200399EE6 /* FirebaseAnalyticsSwift */; };
		C71B54A82B5E69B100399EE6 /* FirebaseAuth in Frameworks */ = {isa = PBXBuildFile; productRef = C71B54A72B5E69B100399EE6 /* FirebaseAuth */; };
		C71B54AC2B5E6B9F00399EE6 /* AuthView.swift in Sources */ = {isa = PBXBuildFile; fileRef = C71B54AB2B5E6B9F00399EE6 /* AuthView.swift */; };
		C71B54AF2B5E6D6400399EE6 /* SignInWithEmailView.swift in Sources */ = {isa = PBXBuildFile; fileRef = C71B54AE2B5E6D6400399EE6 /* SignInWithEmailView.swift */; };
		C71B54B12B5E6DFF00399EE6 /* SignInWithEmailViewModel.swift in Sources */ = {isa = PBXBuildFile; fileRef = C71B54B02B5E6DFF00399EE6 /* SignInWithEmailViewModel.swift */; };
		C79E2D922B5E7593008F86A3 /* AuthDataResultModel.swift in Sources */ = {isa = PBXBuildFile; fileRef = C79E2D912B5E7593008F86A3 /* AuthDataResultModel.swift */; };
		C79E2D942B5E762C008F86A3 /* AuthManager.swift in Sources */ = {isa = PBXBuildFile; fileRef = C79E2D932B5E762C008F86A3 /* AuthManager.swift */; };
		C79E2D982B5FA84F008F86A3 /* SettingView.swift in Sources */ = {isa = PBXBuildFile; fileRef = C79E2D972B5FA84F008F86A3 /* SettingView.swift */; };
		C79E2D9A2B5FA862008F86A3 /* SettingViewModel.swift in Sources */ = {isa = PBXBuildFile; fileRef = C79E2D992B5FA862008F86A3 /* SettingViewModel.swift */; };
		C79E2D9C2B5FAD82008F86A3 /* RootView.swift in Sources */ = {isa = PBXBuildFile; fileRef = C79E2D9B2B5FAD82008F86A3 /* RootView.swift */; };
		C7EB68722B736CC8001D8651 /* FirebaseDatabase in Frameworks */ = {isa = PBXBuildFile; productRef = C7EB68712B736CC8001D8651 /* FirebaseDatabase */; };
		C7EB68742B736CC8001D8651 /* FirebaseDatabaseSwift in Frameworks */ = {isa = PBXBuildFile; productRef = C7EB68732B736CC8001D8651 /* FirebaseDatabaseSwift */; };
/* End PBXBuildFile section */

/* Begin PBXFileReference section */
		C719F5B02B61C5830041EBE8 /* GoogleService-Info.plist */ = {isa = PBXFileReference; fileEncoding = 4; lastKnownFileType = text.plist.xml; path = "GoogleService-Info.plist"; sourceTree = "<group>"; };
		C719F5B32B61D5230041EBE8 /* SignInWithGoogleView.swift */ = {isa = PBXFileReference; lastKnownFileType = sourcecode.swift; path = SignInWithGoogleView.swift; sourceTree = "<group>"; };
		C719F5B52B61D57B0041EBE8 /* SignInWithGoogleViewModel.swift */ = {isa = PBXFileReference; lastKnownFileType = sourcecode.swift; path = SignInWithGoogleViewModel.swift; sourceTree = "<group>"; };
		C719F5B82B61EF2E0041EBE8 /* Utilities.swift */ = {isa = PBXFileReference; lastKnownFileType = sourcecode.swift; path = Utilities.swift; sourceTree = "<group>"; };
		C719F5BB2B673C8B0041EBE8 /* SignInAnonymousViewModel.swift */ = {isa = PBXFileReference; lastKnownFileType = sourcecode.swift; path = SignInAnonymousViewModel.swift; sourceTree = "<group>"; };
		C719F5BD2B6740730041EBE8 /* signInAnonymousView.swift */ = {isa = PBXFileReference; lastKnownFileType = sourcecode.swift; path = signInAnonymousView.swift; sourceTree = "<group>"; };
		C71B54882B5E5F1F00399EE6 /* SwiftFirebaseSample.app */ = {isa = PBXFileReference; explicitFileType = wrapper.application; includeInIndex = 0; path = SwiftFirebaseSample.app; sourceTree = BUILT_PRODUCTS_DIR; };
		C71B548B2B5E5F1F00399EE6 /* SwiftFirebaseSampleApp.swift */ = {isa = PBXFileReference; lastKnownFileType = sourcecode.swift; path = SwiftFirebaseSampleApp.swift; sourceTree = "<group>"; };
		C71B548F2B5E5F2000399EE6 /* Assets.xcassets */ = {isa = PBXFileReference; lastKnownFileType = folder.assetcatalog; path = Assets.xcassets; sourceTree = "<group>"; };
		C71B54922B5E5F2000399EE6 /* Preview Assets.xcassets */ = {isa = PBXFileReference; lastKnownFileType = folder.assetcatalog; path = "Preview Assets.xcassets"; sourceTree = "<group>"; };
		C71B54AB2B5E6B9F00399EE6 /* AuthView.swift */ = {isa = PBXFileReference; lastKnownFileType = sourcecode.swift; path = AuthView.swift; sourceTree = "<group>"; };
		C71B54AE2B5E6D6400399EE6 /* SignInWithEmailView.swift */ = {isa = PBXFileReference; lastKnownFileType = sourcecode.swift; path = SignInWithEmailView.swift; sourceTree = "<group>"; };
		C71B54B02B5E6DFF00399EE6 /* SignInWithEmailViewModel.swift */ = {isa = PBXFileReference; lastKnownFileType = sourcecode.swift; path = SignInWithEmailViewModel.swift; sourceTree = "<group>"; };
		C79E2D912B5E7593008F86A3 /* AuthDataResultModel.swift */ = {isa = PBXFileReference; lastKnownFileType = sourcecode.swift; path = AuthDataResultModel.swift; sourceTree = "<group>"; };
		C79E2D932B5E762C008F86A3 /* AuthManager.swift */ = {isa = PBXFileReference; lastKnownFileType = sourcecode.swift; path = AuthManager.swift; sourceTree = "<group>"; };
		C79E2D972B5FA84F008F86A3 /* SettingView.swift */ = {isa = PBXFileReference; lastKnownFileType = sourcecode.swift; path = SettingView.swift; sourceTree = "<group>"; };
		C79E2D992B5FA862008F86A3 /* SettingViewModel.swift */ = {isa = PBXFileReference; lastKnownFileType = sourcecode.swift; path = SettingViewModel.swift; sourceTree = "<group>"; };
		C79E2D9B2B5FAD82008F86A3 /* RootView.swift */ = {isa = PBXFileReference; lastKnownFileType = sourcecode.swift; path = RootView.swift; sourceTree = "<group>"; };
/* End PBXFileReference section */

/* Begin PBXFrameworksBuildPhase section */
		C71B54852B5E5F1F00399EE6 /* Frameworks */ = {
			isa = PBXFrameworksBuildPhase;
			buildActionMask = 2147483647;
			files = (
				C7EB68742B736CC8001D8651 /* FirebaseDatabaseSwift in Frameworks */,
				C7EB68722B736CC8001D8651 /* FirebaseDatabase in Frameworks */,
				C719F5AE2B61C3C70041EBE8 /* GoogleSignInSwift in Frameworks */,
				C71B54A12B5E65F200399EE6 /* FirebaseAnalyticsSwift in Frameworks */,
				C719F5AC2B61C3C70041EBE8 /* GoogleSignIn in Frameworks */,
				C71B54A82B5E69B100399EE6 /* FirebaseAuth in Frameworks */,
				C71B549D2B5E65F200399EE6 /* FirebaseAnalytics in Frameworks */,
			);
			runOnlyForDeploymentPostprocessing = 0;
		};
/* End PBXFrameworksBuildPhase section */

/* Begin PBXGroup section */
		C719F5B22B61D4DB0041EBE8 /* SignInWithGoogle */ = {
			isa = PBXGroup;
			children = (
				C719F5B32B61D5230041EBE8 /* SignInWithGoogleView.swift */,
				C719F5B52B61D57B0041EBE8 /* SignInWithGoogleViewModel.swift */,
			);
			path = SignInWithGoogle;
			sourceTree = "<group>";
		};
		C719F5B72B61EEFB0041EBE8 /* Utilities */ = {
			isa = PBXGroup;
			children = (
				C719F5B82B61EF2E0041EBE8 /* Utilities.swift */,
			);
			path = Utilities;
			sourceTree = "<group>";
		};
		C719F5BA2B673C610041EBE8 /* SignInAnonymous */ = {
			isa = PBXGroup;
			children = (
				C719F5BB2B673C8B0041EBE8 /* SignInAnonymousViewModel.swift */,
				C719F5BD2B6740730041EBE8 /* signInAnonymousView.swift */,
			);
			path = SignInAnonymous;
			sourceTree = "<group>";
		};
		C71B547F2B5E5F1F00399EE6 = {
			isa = PBXGroup;
			children = (
				C71B548A2B5E5F1F00399EE6 /* SwiftFirebaseSample */,
				C71B54892B5E5F1F00399EE6 /* Products */,
				C71B54A62B5E69B100399EE6 /* Frameworks */,
			);
			sourceTree = "<group>";
		};
		C71B54892B5E5F1F00399EE6 /* Products */ = {
			isa = PBXGroup;
			children = (
				C71B54882B5E5F1F00399EE6 /* SwiftFirebaseSample.app */,
			);
			name = Products;
			sourceTree = "<group>";
		};
		C71B548A2B5E5F1F00399EE6 /* SwiftFirebaseSample */ = {
			isa = PBXGroup;
			children = (
				C719F5B02B61C5830041EBE8 /* GoogleService-Info.plist */,
				C79E2D9D2B5FADD8008F86A3 /* App */,
				C71B54AA2B5E6B8E00399EE6 /* Auth */,
				C71B54A92B5E6B8500399EE6 /* Views */,
				C79E2D902B5E7574008F86A3 /* Model */,
				C719F5B72B61EEFB0041EBE8 /* Utilities */,
				C71B548F2B5E5F2000399EE6 /* Assets.xcassets */,
				C71B54912B5E5F2000399EE6 /* Preview Content */,
			);
			path = SwiftFirebaseSample;
			sourceTree = "<group>";
		};
		C71B54912B5E5F2000399EE6 /* Preview Content */ = {
			isa = PBXGroup;
			children = (
				C71B54922B5E5F2000399EE6 /* Preview Assets.xcassets */,
			);
			path = "Preview Content";
			sourceTree = "<group>";
		};
		C71B54A62B5E69B100399EE6 /* Frameworks */ = {
			isa = PBXGroup;
			children = (
			);
			name = Frameworks;
			sourceTree = "<group>";
		};
		C71B54A92B5E6B8500399EE6 /* Views */ = {
			isa = PBXGroup;
			children = (
				C79E2D952B5FA68D008F86A3 /* Root */,
				C71B54AD2B5E6D0300399EE6 /* SignInWithEmail */,
				C719F5B22B61D4DB0041EBE8 /* SignInWithGoogle */,
				C719F5BA2B673C610041EBE8 /* SignInAnonymous */,
				C79E2D962B5FA83C008F86A3 /* Settings */,
			);
			path = Views;
			sourceTree = "<group>";
		};
		C71B54AA2B5E6B8E00399EE6 /* Auth */ = {
			isa = PBXGroup;
			children = (
				C71B54AB2B5E6B9F00399EE6 /* AuthView.swift */,
				C79E2D932B5E762C008F86A3 /* AuthManager.swift */,
			);
			path = Auth;
			sourceTree = "<group>";
		};
		C71B54AD2B5E6D0300399EE6 /* SignInWithEmail */ = {
			isa = PBXGroup;
			children = (
				C71B54AE2B5E6D6400399EE6 /* SignInWithEmailView.swift */,
				C71B54B02B5E6DFF00399EE6 /* SignInWithEmailViewModel.swift */,
			);
			path = SignInWithEmail;
			sourceTree = "<group>";
		};
		C79E2D902B5E7574008F86A3 /* Model */ = {
			isa = PBXGroup;
			children = (
				C79E2D912B5E7593008F86A3 /* AuthDataResultModel.swift */,
			);
			path = Model;
			sourceTree = "<group>";
		};
		C79E2D952B5FA68D008F86A3 /* Root */ = {
			isa = PBXGroup;
			children = (
				C79E2D9B2B5FAD82008F86A3 /* RootView.swift */,
			);
			path = Root;
			sourceTree = "<group>";
		};
		C79E2D962B5FA83C008F86A3 /* Settings */ = {
			isa = PBXGroup;
			children = (
				C79E2D972B5FA84F008F86A3 /* SettingView.swift */,
				C79E2D992B5FA862008F86A3 /* SettingViewModel.swift */,
			);
			path = Settings;
			sourceTree = "<group>";
		};
		C79E2D9D2B5FADD8008F86A3 /* App */ = {
			isa = PBXGroup;
			children = (
				C71B548B2B5E5F1F00399EE6 /* SwiftFirebaseSampleApp.swift */,
			);
			path = App;
			sourceTree = "<group>";
		};
/* End PBXGroup section */

/* Begin PBXNativeTarget section */
		C71B54872B5E5F1F00399EE6 /* SwiftFirebaseSample */ = {
			isa = PBXNativeTarget;
			buildConfigurationList = C71B54962B5E5F2000399EE6 /* Build configuration list for PBXNativeTarget "SwiftFirebaseSample" */;
			buildPhases = (
				C71B54842B5E5F1F00399EE6 /* Sources */,
				C71B54852B5E5F1F00399EE6 /* Frameworks */,
				C71B54862B5E5F1F00399EE6 /* Resources */,
			);
			buildRules = (
			);
			dependencies = (
			);
			name = SwiftFirebaseSample;
			packageProductDependencies = (
				C71B549C2B5E65F200399EE6 /* FirebaseAnalytics */,
				C71B54A02B5E65F200399EE6 /* FirebaseAnalyticsSwift */,
				C71B54A72B5E69B100399EE6 /* FirebaseAuth */,
				C719F5AB2B61C3C70041EBE8 /* GoogleSignIn */,
				C719F5AD2B61C3C70041EBE8 /* GoogleSignInSwift */,
				C7EB68712B736CC8001D8651 /* FirebaseDatabase */,
				C7EB68732B736CC8001D8651 /* FirebaseDatabaseSwift */,
			);
			productName = SwiftFirebaseSample;
			productReference = C71B54882B5E5F1F00399EE6 /* SwiftFirebaseSample.app */;
			productType = "com.apple.product-type.application";
		};
/* End PBXNativeTarget section */

/* Begin PBXProject section */
		C71B54802B5E5F1F00399EE6 /* Project object */ = {
			isa = PBXProject;
			attributes = {
				BuildIndependentTargetsInParallel = 1;
				LastSwiftUpdateCheck = 1520;
				LastUpgradeCheck = 1520;
				TargetAttributes = {
					C71B54872B5E5F1F00399EE6 = {
						CreatedOnToolsVersion = 15.2;
					};
				};
			};
			buildConfigurationList = C71B54832B5E5F1F00399EE6 /* Build configuration list for PBXProject "SwiftFirebaseSample" */;
			compatibilityVersion = "Xcode 14.0";
			developmentRegion = en;
			hasScannedForEncodings = 0;
			knownRegions = (
				en,
				Base,
			);
			mainGroup = C71B547F2B5E5F1F00399EE6;
			packageReferences = (
				C71B549B2B5E65F200399EE6 /* XCRemoteSwiftPackageReference "firebase-ios-sdk" */,
				C719F5AA2B61C3C70041EBE8 /* XCRemoteSwiftPackageReference "GoogleSignIn-iOS" */,
			);
			productRefGroup = C71B54892B5E5F1F00399EE6 /* Products */;
			projectDirPath = "";
			projectRoot = "";
			targets = (
				C71B54872B5E5F1F00399EE6 /* SwiftFirebaseSample */,
			);
		};
/* End PBXProject section */

/* Begin PBXResourcesBuildPhase section */
		C71B54862B5E5F1F00399EE6 /* Resources */ = {
			isa = PBXResourcesBuildPhase;
			buildActionMask = 2147483647;
			files = (
				C71B54932B5E5F2000399EE6 /* Preview Assets.xcassets in Resources */,
				C71B54902B5E5F2000399EE6 /* Assets.xcassets in Resources */,
				C719F5B12B61C5830041EBE8 /* GoogleService-Info.plist in Resources */,
			);
			runOnlyForDeploymentPostprocessing = 0;
		};
/* End PBXResourcesBuildPhase section */

/* Begin PBXSourcesBuildPhase section */
		C71B54842B5E5F1F00399EE6 /* Sources */ = {
			isa = PBXSourcesBuildPhase;
			buildActionMask = 2147483647;
			files = (
				C79E2D922B5E7593008F86A3 /* AuthDataResultModel.swift in Sources */,
				C719F5B62B61D57B0041EBE8 /* SignInWithGoogleViewModel.swift in Sources */,
				C719F5BE2B6740730041EBE8 /* signInAnonymousView.swift in Sources */,
				C79E2D942B5E762C008F86A3 /* AuthManager.swift in Sources */,
				C71B548C2B5E5F1F00399EE6 /* SwiftFirebaseSampleApp.swift in Sources */,
				C79E2D9A2B5FA862008F86A3 /* SettingViewModel.swift in Sources */,
				C79E2D982B5FA84F008F86A3 /* SettingView.swift in Sources */,
				C719F5B92B61EF2E0041EBE8 /* Utilities.swift in Sources */,
				C719F5B42B61D5230041EBE8 /* SignInWithGoogleView.swift in Sources */,
				C79E2D9C2B5FAD82008F86A3 /* RootView.swift in Sources */,
				C71B54AC2B5E6B9F00399EE6 /* AuthView.swift in Sources */,
				C719F5BC2B673C8B0041EBE8 /* SignInAnonymousViewModel.swift in Sources */,
				C71B54B12B5E6DFF00399EE6 /* SignInWithEmailViewModel.swift in Sources */,
				C71B54AF2B5E6D6400399EE6 /* SignInWithEmailView.swift in Sources */,
			);
			runOnlyForDeploymentPostprocessing = 0;
		};
/* End PBXSourcesBuildPhase section */

/* Begin XCBuildConfiguration section */
		C71B54942B5E5F2000399EE6 /* Debug */ = {
			isa = XCBuildConfiguration;
			buildSettings = {
				ALWAYS_SEARCH_USER_PATHS = NO;
				ASSETCATALOG_COMPILER_GENERATE_SWIFT_ASSET_SYMBOL_EXTENSIONS = YES;
				CLANG_ANALYZER_NONNULL = YES;
				CLANG_ANALYZER_NUMBER_OBJECT_CONVERSION = YES_AGGRESSIVE;
				CLANG_CXX_LANGUAGE_STANDARD = "gnu++20";
				CLANG_ENABLE_MODULES = YES;
				CLANG_ENABLE_OBJC_ARC = YES;
				CLANG_ENABLE_OBJC_WEAK = YES;
				CLANG_WARN_BLOCK_CAPTURE_AUTORELEASING = YES;
				CLANG_WARN_BOOL_CONVERSION = YES;
				CLANG_WARN_COMMA = YES;
				CLANG_WARN_CONSTANT_CONVERSION = YES;
				CLANG_WARN_DEPRECATED_OBJC_IMPLEMENTATIONS = YES;
				CLANG_WARN_DIRECT_OBJC_ISA_USAGE = YES_ERROR;
				CLANG_WARN_DOCUMENTATION_COMMENTS = YES;
				CLANG_WARN_EMPTY_BODY = YES;
				CLANG_WARN_ENUM_CONVERSION = YES;
				CLANG_WARN_INFINITE_RECURSION = YES;
				CLANG_WARN_INT_CONVERSION = YES;
				CLANG_WARN_NON_LITERAL_NULL_CONVERSION = YES;
				CLANG_WARN_OBJC_IMPLICIT_RETAIN_SELF = YES;
				CLANG_WARN_OBJC_LITERAL_CONVERSION = YES;
				CLANG_WARN_OBJC_ROOT_CLASS = YES_ERROR;
				CLANG_WARN_QUOTED_INCLUDE_IN_FRAMEWORK_HEADER = YES;
				CLANG_WARN_RANGE_LOOP_ANALYSIS = YES;
				CLANG_WARN_STRICT_PROTOTYPES = YES;
				CLANG_WARN_SUSPICIOUS_MOVE = YES;
				CLANG_WARN_UNGUARDED_AVAILABILITY = YES_AGGRESSIVE;
				CLANG_WARN_UNREACHABLE_CODE = YES;
				CLANG_WARN__DUPLICATE_METHOD_MATCH = YES;
				COPY_PHASE_STRIP = NO;
				DEBUG_INFORMATION_FORMAT = dwarf;
				ENABLE_STRICT_OBJC_MSGSEND = YES;
				ENABLE_TESTABILITY = YES;
				ENABLE_USER_SCRIPT_SANDBOXING = YES;
				GCC_C_LANGUAGE_STANDARD = gnu17;
				GCC_DYNAMIC_NO_PIC = NO;
				GCC_NO_COMMON_BLOCKS = YES;
				GCC_OPTIMIZATION_LEVEL = 0;
				GCC_PREPROCESSOR_DEFINITIONS = (
					"DEBUG=1",
					"$(inherited)",
				);
				GCC_WARN_64_TO_32_BIT_CONVERSION = YES;
				GCC_WARN_ABOUT_RETURN_TYPE = YES_ERROR;
				GCC_WARN_UNDECLARED_SELECTOR = YES;
				GCC_WARN_UNINITIALIZED_AUTOS = YES_AGGRESSIVE;
				GCC_WARN_UNUSED_FUNCTION = YES;
				GCC_WARN_UNUSED_VARIABLE = YES;
				IPHONEOS_DEPLOYMENT_TARGET = 17.2;
				LOCALIZATION_PREFERS_STRING_CATALOGS = YES;
				MTL_ENABLE_DEBUG_INFO = INCLUDE_SOURCE;
				MTL_FAST_MATH = YES;
				ONLY_ACTIVE_ARCH = YES;
				SDKROOT = iphoneos;
				SWIFT_ACTIVE_COMPILATION_CONDITIONS = "DEBUG $(inherited)";
				SWIFT_OPTIMIZATION_LEVEL = "-Onone";
			};
			name = Debug;
		};
		C71B54952B5E5F2000399EE6 /* Release */ = {
			isa = XCBuildConfiguration;
			buildSettings = {
				ALWAYS_SEARCH_USER_PATHS = NO;
				ASSETCATALOG_COMPILER_GENERATE_SWIFT_ASSET_SYMBOL_EXTENSIONS = YES;
				CLANG_ANALYZER_NONNULL = YES;
				CLANG_ANALYZER_NUMBER_OBJECT_CONVERSION = YES_AGGRESSIVE;
				CLANG_CXX_LANGUAGE_STANDARD = "gnu++20";
				CLANG_ENABLE_MODULES = YES;
				CLANG_ENABLE_OBJC_ARC = YES;
				CLANG_ENABLE_OBJC_WEAK = YES;
				CLANG_WARN_BLOCK_CAPTURE_AUTORELEASING = YES;
				CLANG_WARN_BOOL_CONVERSION = YES;
				CLANG_WARN_COMMA = YES;
				CLANG_WARN_CONSTANT_CONVERSION = YES;
				CLANG_WARN_DEPRECATED_OBJC_IMPLEMENTATIONS = YES;
				CLANG_WARN_DIRECT_OBJC_ISA_USAGE = YES_ERROR;
				CLANG_WARN_DOCUMENTATION_COMMENTS = YES;
				CLANG_WARN_EMPTY_BODY = YES;
				CLANG_WARN_ENUM_CONVERSION = YES;
				CLANG_WARN_INFINITE_RECURSION = YES;
				CLANG_WARN_INT_CONVERSION = YES;
				CLANG_WARN_NON_LITERAL_NULL_CONVERSION = YES;
				CLANG_WARN_OBJC_IMPLICIT_RETAIN_SELF = YES;
				CLANG_WARN_OBJC_LITERAL_CONVERSION = YES;
				CLANG_WARN_OBJC_ROOT_CLASS = YES_ERROR;
				CLANG_WARN_QUOTED_INCLUDE_IN_FRAMEWORK_HEADER = YES;
				CLANG_WARN_RANGE_LOOP_ANALYSIS = YES;
				CLANG_WARN_STRICT_PROTOTYPES = YES;
				CLANG_WARN_SUSPICIOUS_MOVE = YES;
				CLANG_WARN_UNGUARDED_AVAILABILITY = YES_AGGRESSIVE;
				CLANG_WARN_UNREACHABLE_CODE = YES;
				CLANG_WARN__DUPLICATE_METHOD_MATCH = YES;
				COPY_PHASE_STRIP = NO;
				DEBUG_INFORMATION_FORMAT = "dwarf-with-dsym";
				ENABLE_NS_ASSERTIONS = NO;
				ENABLE_STRICT_OBJC_MSGSEND = YES;
				ENABLE_USER_SCRIPT_SANDBOXING = YES;
				GCC_C_LANGUAGE_STANDARD = gnu17;
				GCC_NO_COMMON_BLOCKS = YES;
				GCC_WARN_64_TO_32_BIT_CONVERSION = YES;
				GCC_WARN_ABOUT_RETURN_TYPE = YES_ERROR;
				GCC_WARN_UNDECLARED_SELECTOR = YES;
				GCC_WARN_UNINITIALIZED_AUTOS = YES_AGGRESSIVE;
				GCC_WARN_UNUSED_FUNCTION = YES;
				GCC_WARN_UNUSED_VARIABLE = YES;
				IPHONEOS_DEPLOYMENT_TARGET = 17.2;
				LOCALIZATION_PREFERS_STRING_CATALOGS = YES;
				MTL_ENABLE_DEBUG_INFO = NO;
				MTL_FAST_MATH = YES;
				SDKROOT = iphoneos;
				SWIFT_COMPILATION_MODE = wholemodule;
				VALIDATE_PRODUCT = YES;
			};
			name = Release;
		};
		C71B54972B5E5F2000399EE6 /* Debug */ = {
			isa = XCBuildConfiguration;
			buildSettings = {
				ASSETCATALOG_COMPILER_APPICON_NAME = AppIcon;
				ASSETCATALOG_COMPILER_GLOBAL_ACCENT_COLOR_NAME = AccentColor;
				CODE_SIGN_STYLE = Automatic;
				CURRENT_PROJECT_VERSION = 1;
				DEVELOPMENT_ASSET_PATHS = "\"SwiftFirebaseSample/Preview Content\"";
				DEVELOPMENT_TEAM = 2A8H49QXG6;
				ENABLE_PREVIEWS = YES;
				GENERATE_INFOPLIST_FILE = YES;
				INFOPLIST_FILE = SwiftFirebaseSample/Info.plist;
				INFOPLIST_KEY_UIApplicationSceneManifest_Generation = YES;
				INFOPLIST_KEY_UIApplicationSupportsIndirectInputEvents = YES;
				INFOPLIST_KEY_UILaunchScreen_Generation = YES;
				INFOPLIST_KEY_UISupportedInterfaceOrientations_iPad = "UIInterfaceOrientationPortrait UIInterfaceOrientationPortraitUpsideDown UIInterfaceOrientationLandscapeLeft UIInterfaceOrientationLandscapeRight";
				INFOPLIST_KEY_UISupportedInterfaceOrientations_iPhone = "UIInterfaceOrientationPortrait UIInterfaceOrientationLandscapeLeft UIInterfaceOrientationLandscapeRight";
				LD_RUNPATH_SEARCH_PATHS = (
					"$(inherited)",
					"@executable_path/Frameworks",
				);
				MARKETING_VERSION = 1.0;
				PRODUCT_BUNDLE_IDENTIFIER = com.lophiester.SwiftFirebaseSample;
				PRODUCT_NAME = "$(TARGET_NAME)";
				SWIFT_EMIT_LOC_STRINGS = YES;
				SWIFT_VERSION = 5.0;
				TARGETED_DEVICE_FAMILY = "1,2";
			};
			name = Debug;
		};
		C71B54982B5E5F2000399EE6 /* Release */ = {
			isa = XCBuildConfiguration;
			buildSettings = {
				ASSETCATALOG_COMPILER_APPICON_NAME = AppIcon;
				ASSETCATALOG_COMPILER_GLOBAL_ACCENT_COLOR_NAME = AccentColor;
				CODE_SIGN_STYLE = Automatic;
				CURRENT_PROJECT_VERSION = 1;
				DEVELOPMENT_ASSET_PATHS = "\"SwiftFirebaseSample/Preview Content\"";
				DEVELOPMENT_TEAM = 2A8H49QXG6;
				ENABLE_PREVIEWS = YES;
				GENERATE_INFOPLIST_FILE = YES;
				INFOPLIST_FILE = SwiftFirebaseSample/Info.plist;
				INFOPLIST_KEY_UIApplicationSceneManifest_Generation = YES;
				INFOPLIST_KEY_UIApplicationSupportsIndirectInputEvents = YES;
				INFOPLIST_KEY_UILaunchScreen_Generation = YES;
				INFOPLIST_KEY_UISupportedInterfaceOrientations_iPad = "UIInterfaceOrientationPortrait UIInterfaceOrientationPortraitUpsideDown UIInterfaceOrientationLandscapeLeft UIInterfaceOrientationLandscapeRight";
				INFOPLIST_KEY_UISupportedInterfaceOrientations_iPhone = "UIInterfaceOrientationPortrait UIInterfaceOrientationLandscapeLeft UIInterfaceOrientationLandscapeRight";
				LD_RUNPATH_SEARCH_PATHS = (
					"$(inherited)",
					"@executable_path/Frameworks",
				);
				MARKETING_VERSION = 1.0;
				PRODUCT_BUNDLE_IDENTIFIER = com.lophiester.SwiftFirebaseSample;
				PRODUCT_NAME = "$(TARGET_NAME)";
				SWIFT_EMIT_LOC_STRINGS = YES;
				SWIFT_VERSION = 5.0;
				TARGETED_DEVICE_FAMILY = "1,2";
			};
			name = Release;
		};
/* End XCBuildConfiguration section */

/* Begin XCConfigurationList section */
		C71B54832B5E5F1F00399EE6 /* Build configuration list for PBXProject "SwiftFirebaseSample" */ = {
			isa = XCConfigurationList;
			buildConfigurations = (
				C71B54942B5E5F2000399EE6 /* Debug */,
				C71B54952B5E5F2000399EE6 /* Release */,
			);
			defaultConfigurationIsVisible = 0;
			defaultConfigurationName = Release;
		};
		C71B54962B5E5F2000399EE6 /* Build configuration list for PBXNativeTarget "SwiftFirebaseSample" */ = {
			isa = XCConfigurationList;
			buildConfigurations = (
				C71B54972B5E5F2000399EE6 /* Debug */,
				C71B54982B5E5F2000399EE6 /* Release */,
			);
			defaultConfigurationIsVisible = 0;
			defaultConfigurationName = Release;
		};
/* End XCConfigurationList section */

/* Begin XCRemoteSwiftPackageReference section */
		C719F5AA2B61C3C70041EBE8 /* XCRemoteSwiftPackageReference "GoogleSignIn-iOS" */ = {
			isa = XCRemoteSwiftPackageReference;
			repositoryURL = "https://github.com/google/GoogleSignIn-iOS";
			requirement = {
				kind = upToNextMajorVersion;
				minimumVersion = 7.0.0;
			};
		};
		C71B549B2B5E65F200399EE6 /* XCRemoteSwiftPackageReference "firebase-ios-sdk" */ = {
			isa = XCRemoteSwiftPackageReference;
			repositoryURL = "https://github.com/firebase/firebase-ios-sdk";
			requirement = {
				kind = upToNextMajorVersion;
				minimumVersion = 10.20.0;
			};
		};
/* End XCRemoteSwiftPackageReference section */

/* Begin XCSwiftPackageProductDependency section */
		C719F5AB2B61C3C70041EBE8 /* GoogleSignIn */ = {
			isa = XCSwiftPackageProductDependency;
			package = C719F5AA2B61C3C70041EBE8 /* XCRemoteSwiftPackageReference "GoogleSignIn-iOS" */;
			productName = GoogleSignIn;
		};
		C719F5AD2B61C3C70041EBE8 /* GoogleSignInSwift */ = {
			isa = XCSwiftPackageProductDependency;
			package = C719F5AA2B61C3C70041EBE8 /* XCRemoteSwiftPackageReference "GoogleSignIn-iOS" */;
			productName = GoogleSignInSwift;
		};
		C71B549C2B5E65F200399EE6 /* FirebaseAnalytics */ = {
			isa = XCSwiftPackageProductDependency;
			package = C71B549B2B5E65F200399EE6 /* XCRemoteSwiftPackageReference "firebase-ios-sdk" */;
			productName = FirebaseAnalytics;
		};
		C71B54A02B5E65F200399EE6 /* FirebaseAnalyticsSwift */ = {
			isa = XCSwiftPackageProductDependency;
			package = C71B549B2B5E65F200399EE6 /* XCRemoteSwiftPackageReference "firebase-ios-sdk" */;
			productName = FirebaseAnalyticsSwift;
		};
		C71B54A72B5E69B100399EE6 /* FirebaseAuth */ = {
			isa = XCSwiftPackageProductDependency;
			package = C71B549B2B5E65F200399EE6 /* XCRemoteSwiftPackageReference "firebase-ios-sdk" */;
			productName = FirebaseAuth;
		};
		C7EB68712B736CC8001D8651 /* FirebaseDatabase */ = {
			isa = XCSwiftPackageProductDependency;
			package = C71B549B2B5E65F200399EE6 /* XCRemoteSwiftPackageReference "firebase-ios-sdk" */;
			productName = FirebaseDatabase;
		};
		C7EB68732B736CC8001D8651 /* FirebaseDatabaseSwift */ = {
			isa = XCSwiftPackageProductDependency;
			package = C71B549B2B5E65F200399EE6 /* XCRemoteSwiftPackageReference "firebase-ios-sdk" */;
			productName = FirebaseDatabaseSwift;
		};
/* End XCSwiftPackageProductDependency section */
	};
	rootObject = C71B54802B5E5F1F00399EE6 /* Project object */;
}
